
Microsoft Visual Studio Solution File, Format Version 12.00
# Visual Studio Version 16
VisualStudioVersion = 16.0.30114.105
MinimumVisualStudioVersion = 10.0.40219.1
Project("{9A19103F-16F7-4668-BE54-9A1E7A4F7556}") = "R5T.F0011", "R5T.F0011\R5T.F0011.csproj", "{2825DD4F-B7DC-46A5-BD5D-9B0352CE1427}"
EndProject
Project("{2150E333-8FDC-42A3-9474-1A3956D46DE8}") = "_Dependencies", "_Dependencies", "{5C668A21-7683-4CFF-9D6D-94B119FD2AB7}"
EndProject
Project("{9A19103F-16F7-4668-BE54-9A1E7A4F7556}") = "R5T.L0011", "..\..\R5T.L0011\source\R5T.L0011\R5T.L0011.csproj", "{E83724EC-6B85-47BF-A399-E53ABAA1FADE}"
EndProject
Project("{9A19103F-16F7-4668-BE54-9A1E7A4F7556}") = "R5T.T0132", "..\..\R5T.T0132\source\R5T.T0132\R5T.T0132.csproj", "{CD7814E3-C778-4673-BC82-9AB42DF58FE1}"
EndProject
Project("{9A19103F-16F7-4668-BE54-9A1E7A4F7556}") = "R5T.X0005", "..\..\R5T.X0005\source\R5T.X0005\R5T.X0005.csproj", "{CCDEF2D8-83BA-4E9C-BDD4-5DF293F7628A}"
EndProject
Project("{9A19103F-16F7-4668-BE54-9A1E7A4F7556}") = "R5T.X0009", "..\..\R5T.X0009\source\R5T.X0009\R5T.X0009.csproj", "{DD357FE5-4A74-4AFC-9F4C-D35E9202A2B5}"
EndProject
Project("{9A19103F-16F7-4668-BE54-9A1E7A4F7556}") = "R5T.F0003", "..\..\R5T.F0003\source\R5T.F0003\R5T.F0003.csproj", "{DFB018D1-651F-4926-B41C-5C30C86023A9}"
EndProject
Project("{9A19103F-16F7-4668-BE54-9A1E7A4F7556}") = "R5T.F0004", "..\..\R5T.F0004\source\R5T.F0004\R5T.F0004.csproj", "{AE8A53DD-24FC-44E0-B91C-54167EA41A40}"
EndProject
Global
	GlobalSection(SolutionConfigurationPlatforms) = preSolution
		Debug|Any CPU = Debug|Any CPU
		Debug|x64 = Debug|x64
		Debug|x86 = Debug|x86
		Release|Any CPU = Release|Any CPU
		Release|x64 = Release|x64
		Release|x86 = Release|x86
	EndGlobalSection
	GlobalSection(ProjectConfigurationPlatforms) = postSolution
		{2825DD4F-B7DC-46A5-BD5D-9B0352CE1427}.Debug|Any CPU.ActiveCfg = Debug|Any CPU
		{2825DD4F-B7DC-46A5-BD5D-9B0352CE1427}.Debug|Any CPU.Build.0 = Debug|Any CPU
		{2825DD4F-B7DC-46A5-BD5D-9B0352CE1427}.Debug|x64.ActiveCfg = Debug|Any CPU
		{2825DD4F-B7DC-46A5-BD5D-9B0352CE1427}.Debug|x64.Build.0 = Debug|Any CPU
		{2825DD4F-B7DC-46A5-BD5D-9B0352CE1427}.Debug|x86.ActiveCfg = Debug|Any CPU
		{2825DD4F-B7DC-46A5-BD5D-9B0352CE1427}.Debug|x86.Build.0 = Debug|Any CPU
		{2825DD4F-B7DC-46A5-BD5D-9B0352CE1427}.Release|Any CPU.ActiveCfg = Release|Any CPU
		{2825DD4F-B7DC-46A5-BD5D-9B0352CE1427}.Release|Any CPU.Build.0 = Release|Any CPU
		{2825DD4F-B7DC-46A5-BD5D-9B0352CE1427}.Release|x64.ActiveCfg = Release|Any CPU
		{2825DD4F-B7DC-46A5-BD5D-9B0352CE1427}.Release|x64.Build.0 = Release|Any CPU
		{2825DD4F-B7DC-46A5-BD5D-9B0352CE1427}.Release|x86.ActiveCfg = Release|Any CPU
		{2825DD4F-B7DC-46A5-BD5D-9B0352CE1427}.Release|x86.Build.0 = Release|Any CPU
		{E83724EC-6B85-47BF-A399-E53ABAA1FADE}.Debug|Any CPU.ActiveCfg = Debug|Any CPU
		{E83724EC-6B85-47BF-A399-E53ABAA1FADE}.Debug|Any CPU.Build.0 = Debug|Any CPU
		{E83724EC-6B85-47BF-A399-E53ABAA1FADE}.Debug|x64.ActiveCfg = Debug|Any CPU
		{E83724EC-6B85-47BF-A399-E53ABAA1FADE}.Debug|x64.Build.0 = Debug|Any CPU
		{E83724EC-6B85-47BF-A399-E53ABAA1FADE}.Debug|x86.ActiveCfg = Debug|Any CPU
		{E83724EC-6B85-47BF-A399-E53ABAA1FADE}.Debug|x86.Build.0 = Debug|Any CPU
		{E83724EC-6B85-47BF-A399-E53ABAA1FADE}.Release|Any CPU.ActiveCfg = Release|Any CPU
		{E83724EC-6B85-47BF-A399-E53ABAA1FADE}.Release|Any CPU.Build.0 = Release|Any CPU
		{E83724EC-6B85-47BF-A399-E53ABAA1FADE}.Release|x64.ActiveCfg = Release|Any CPU
		{E83724EC-6B85-47BF-A399-E53ABAA1FADE}.Release|x64.Build.0 = Release|Any CPU
		{E83724EC-6B85-47BF-A399-E53ABAA1FADE}.Release|x86.ActiveCfg = Release|Any CPU
		{E83724EC-6B85-47BF-A399-E53ABAA1FADE}.Release|x86.Build.0 = Release|Any CPU
		{CD7814E3-C778-4673-BC82-9AB42DF58FE1}.Debug|Any CPU.ActiveCfg = Debug|Any CPU
		{CD7814E3-C778-4673-BC82-9AB42DF58FE1}.Debug|Any CPU.Build.0 = Debug|Any CPU
		{CD7814E3-C778-4673-BC82-9AB42DF58FE1}.Debug|x64.ActiveCfg = Debug|Any CPU
		{CD7814E3-C778-4673-BC82-9AB42DF58FE1}.Debug|x64.Build.0 = Debug|Any CPU
		{CD7814E3-C778-4673-BC82-9AB42DF58FE1}.Debug|x86.ActiveCfg = Debug|Any CPU
		{CD7814E3-C778-4673-BC82-9AB42DF58FE1}.Debug|x86.Build.0 = Debug|Any CPU
		{CD7814E3-C778-4673-BC82-9AB42DF58FE1}.Release|Any CPU.ActiveCfg = Release|Any CPU
		{CD7814E3-C778-4673-BC82-9AB42DF58FE1}.Release|Any CPU.Build.0 = Release|Any CPU
		{CD7814E3-C778-4673-BC82-9AB42DF58FE1}.Release|x64.ActiveCfg = Release|Any CPU
		{CD7814E3-C778-4673-BC82-9AB42DF58FE1}.Release|x64.Build.0 = Release|Any CPU
		{CD7814E3-C778-4673-BC82-9AB42DF58FE1}.Release|x86.ActiveCfg = Release|Any CPU
		{CD7814E3-C778-4673-BC82-9AB42DF58FE1}.Release|x86.Build.0 = Release|Any CPU
		{CCDEF2D8-83BA-4E9C-BDD4-5DF293F7628A}.Debug|Any CPU.ActiveCfg = Debug|Any CPU
		{CCDEF2D8-83BA-4E9C-BDD4-5DF293F7628A}.Debug|Any CPU.Build.0 = Debug|Any CPU
		{CCDEF2D8-83BA-4E9C-BDD4-5DF293F7628A}.Debug|x64.ActiveCfg = Debug|Any CPU
		{CCDEF2D8-83BA-4E9C-BDD4-5DF293F7628A}.Debug|x64.Build.0 = Debug|Any CPU
		{CCDEF2D8-83BA-4E9C-BDD4-5DF293F7628A}.Debug|x86.ActiveCfg = Debug|Any CPU
		{CCDEF2D8-83BA-4E9C-BDD4-5DF293F7628A}.Debug|x86.Build.0 = Debug|Any CPU
		{CCDEF2D8-83BA-4E9C-BDD4-5DF293F7628A}.Release|Any CPU.ActiveCfg = Release|Any CPU
		{CCDEF2D8-83BA-4E9C-BDD4-5DF293F7628A}.Release|Any CPU.Build.0 = Release|Any CPU
		{CCDEF2D8-83BA-4E9C-BDD4-5DF293F7628A}.Release|x64.ActiveCfg = Release|Any CPU
		{CCDEF2D8-83BA-4E9C-BDD4-5DF293F7628A}.Release|x64.Build.0 = Release|Any CPU
		{CCDEF2D8-83BA-4E9C-BDD4-5DF293F7628A}.Release|x86.ActiveCfg = Release|Any CPU
		{CCDEF2D8-83BA-4E9C-BDD4-5DF293F7628A}.Release|x86.Build.0 = Release|Any CPU
		{DD357FE5-4A74-4AFC-9F4C-D35E9202A2B5}.Debug|Any CPU.ActiveCfg = Debug|Any CPU
		{DD357FE5-4A74-4AFC-9F4C-D35E9202A2B5}.Debug|Any CPU.Build.0 = Debug|Any CPU
		{DD357FE5-4A74-4AFC-9F4C-D35E9202A2B5}.Debug|x64.ActiveCfg = Debug|Any CPU
		{DD357FE5-4A74-4AFC-9F4C-D35E9202A2B5}.Debug|x64.Build.0 = Debug|Any CPU
		{DD357FE5-4A74-4AFC-9F4C-D35E9202A2B5}.Debug|x86.ActiveCfg = Debug|Any CPU
		{DD357FE5-4A74-4AFC-9F4C-D35E9202A2B5}.Debug|x86.Build.0 = Debug|Any CPU
		{DD357FE5-4A74-4AFC-9F4C-D35E9202A2B5}.Release|Any CPU.ActiveCfg = Release|Any CPU
		{DD357FE5-4A74-4AFC-9F4C-D35E9202A2B5}.Release|Any CPU.Build.0 = Release|Any CPU
		{DD357FE5-4A74-4AFC-9F4C-D35E9202A2B5}.Release|x64.ActiveCfg = Release|Any CPU
		{DD357FE5-4A74-4AFC-9F4C-D35E9202A2B5}.Release|x64.Build.0 = Release|Any CPU
		{DD357FE5-4A74-4AFC-9F4C-D35E9202A2B5}.Release|x86.ActiveCfg = Release|Any CPU
		{DD357FE5-4A74-4AFC-9F4C-D35E9202A2B5}.Release|x86.Build.0 = Release|Any CPU
		{DFB018D1-651F-4926-B41C-5C30C86023A9}.Debug|Any CPU.ActiveCfg = Debug|Any CPU
		{DFB018D1-651F-4926-B41C-5C30C86023A9}.Debug|Any CPU.Build.0 = Debug|Any CPU
		{DFB018D1-651F-4926-B41C-5C30C86023A9}.Debug|x64.ActiveCfg = Debug|Any CPU
		{DFB018D1-651F-4926-B41C-5C30C86023A9}.Debug|x64.Build.0 = Debug|Any CPU
		{DFB018D1-651F-4926-B41C-5C30C86023A9}.Debug|x86.ActiveCfg = Debug|Any CPU
		{DFB018D1-651F-4926-B41C-5C30C86023A9}.Debug|x86.Build.0 = Debug|Any CPU
		{DFB018D1-651F-4926-B41C-5C30C86023A9}.Release|Any CPU.ActiveCfg = Release|Any CPU
		{DFB018D1-651F-4926-B41C-5C30C86023A9}.Release|Any CPU.Build.0 = Release|Any CPU
		{DFB018D1-651F-4926-B41C-5C30C86023A9}.Release|x64.ActiveCfg = Release|Any CPU
		{DFB018D1-651F-4926-B41C-5C30C86023A9}.Release|x64.Build.0 = Release|Any CPU
		{DFB018D1-651F-4926-B41C-5C30C86023A9}.Release|x86.ActiveCfg = Release|Any CPU
		{DFB018D1-651F-4926-B41C-5C30C86023A9}.Release|x86.Build.0 = Release|Any CPU
		{AE8A53DD-24FC-44E0-B91C-54167EA41A40}.Debug|Any CPU.ActiveCfg = Debug|Any CPU
		{AE8A53DD-24FC-44E0-B91C-54167EA41A40}.Debug|Any CPU.Build.0 = Debug|Any CPU
		{AE8A53DD-24FC-44E0-B91C-54167EA41A40}.Debug|x64.ActiveCfg = Debug|Any CPU
		{AE8A53DD-24FC-44E0-B91C-54167EA41A40}.Debug|x64.Build.0 = Debug|Any CPU
		{AE8A53DD-24FC-44E0-B91C-54167EA41A40}.Debug|x86.ActiveCfg = Debug|Any CPU
		{AE8A53DD-24FC-44E0-B91C-54167EA41A40}.Debug|x86.Build.0 = Debug|Any CPU
		{AE8A53DD-24FC-44E0-B91C-54167EA41A40}.Release|Any CPU.ActiveCfg = Release|Any CPU
		{AE8A53DD-24FC-44E0-B91C-54167EA41A40}.Release|Any CPU.Build.0 = Release|Any CPU
		{AE8A53DD-24FC-44E0-B91C-54167EA41A40}.Release|x64.ActiveCfg = Release|Any CPU
		{AE8A53DD-24FC-44E0-B91C-54167EA41A40}.Release|x64.Build.0 = Release|Any CPU
		{AE8A53DD-24FC-44E0-B91C-54167EA41A40}.Release|x86.ActiveCfg = Release|Any CPU
		{AE8A53DD-24FC-44E0-B91C-54167EA41A40}.Release|x86.Build.0 = Release|Any CPU
	EndGlobalSection
	GlobalSection(SolutionProperties) = preSolution
		HideSolutionNode = FALSE
	EndGlobalSection
	GlobalSection(NestedProjects) = preSolution
		{E83724EC-6B85-47BF-A399-E53ABAA1FADE} = {5C668A21-7683-4CFF-9D6D-94B119FD2AB7}
		{CD7814E3-C778-4673-BC82-9AB42DF58FE1} = {5C668A21-7683-4CFF-9D6D-94B119FD2AB7}
		{CCDEF2D8-83BA-4E9C-BDD4-5DF293F7628A} = {5C668A21-7683-4CFF-9D6D-94B119FD2AB7}
		{DD357FE5-4A74-4AFC-9F4C-D35E9202A2B5} = {5C668A21-7683-4CFF-9D6D-94B119FD2AB7}
		{DFB018D1-651F-4926-B41C-5C30C86023A9} = {5C668A21-7683-4CFF-9D6D-94B119FD2AB7}
		{AE8A53DD-24FC-44E0-B91C-54167EA41A40} = {5C668A21-7683-4CFF-9D6D-94B119FD2AB7}
	EndGlobalSection
	GlobalSection(ExtensibilityGlobals) = postSolution
		SolutionGuid = {880C13D2-8CFA-4C18-91AC-BA0637AF087A}
	EndGlobalSection
EndGlobal
